<?xml version="1.0" encoding="UTF-8"?>
<!DOCTYPE plist PUBLIC "-//Apple//DTD PLIST 1.0//EN" "http://www.apple.com/DTDs/PropertyList-1.0.dtd">
<plist version="1.0">
<dict>
	<key>archiveVersion</key>
	<string>1</string>
	<key>classes</key>
	<dict/>
	<key>objectVersion</key>
	<string>46</string>
	<key>objects</key>
	<dict>
		<key>367DA1B8D35144D7A3AD7564</key>
		<dict>
			<key>buildActionMask</key>
			<string>2147483647</string>
			<key>files</key>
			<array/>
			<key>inputPaths</key>
			<array/>
			<key>isa</key>
			<string>PBXShellScriptBuildPhase</string>
			<key>name</key>
			<string>Copy Pods Resources</string>
			<key>outputPaths</key>
			<array/>
			<key>runOnlyForDeploymentPostprocessing</key>
			<string>0</string>
			<key>shellPath</key>
			<string>/bin/sh</string>
			<key>shellScript</key>
			<string>"${SRCROOT}/Pods/Pods-resources.sh"
</string>
			<key>showEnvVarsInLog</key>
			<string>0</string>
		</dict>
		<key>803744FAA76D4B978485FEC0</key>
		<dict>
			<key>explicitFileType</key>
			<string>archive.ar</string>
			<key>includeInIndex</key>
			<string>0</string>
			<key>isa</key>
			<string>PBXFileReference</string>
			<key>path</key>
			<string>libPods.a</string>
			<key>sourceTree</key>
			<string>BUILT_PRODUCTS_DIR</string>
		</dict>
		<key>9A1A294B19A1DC950090E892</key>
		<dict>
			<key>children</key>
			<array>
				<string>9A1A295D19A1DC950090E892</string>
				<string>9A1A297C19A1DC950090E892</string>
				<string>9A1A295619A1DC950090E892</string>
				<string>9A1A295519A1DC950090E892</string>
				<string>A9AC7B20D5604186ACBCD043</string>
			</array>
			<key>isa</key>
			<string>PBXGroup</string>
			<key>sourceTree</key>
			<string>&lt;group&gt;</string>
		</dict>
		<key>9A1A294C19A1DC950090E892</key>
		<dict>
			<key>attributes</key>
			<dict>
				<key>LastUpgradeCheck</key>
				<string>0510</string>
				<key>ORGANIZATIONNAME</key>
				<string>&#26377;&#26449; &#29730;&#30952;</string>
				<key>TargetAttributes</key>
				<dict>
					<key>9A1A297419A1DC950090E892</key>
					<dict>
						<key>TestTargetID</key>
						<string>9A1A295319A1DC950090E892</string>
					</dict>
				</dict>
			</dict>
			<key>buildConfigurationList</key>
			<string>9A1A294F19A1DC950090E892</string>
			<key>compatibilityVersion</key>
			<string>Xcode 3.2</string>
			<key>developmentRegion</key>
			<string>English</string>
			<key>hasScannedForEncodings</key>
			<string>0</string>
			<key>isa</key>
			<string>PBXProject</string>
			<key>knownRegions</key>
			<array>
				<string>en</string>
				<string>Base</string>
			</array>
			<key>mainGroup</key>
			<string>9A1A294B19A1DC950090E892</string>
			<key>productRefGroup</key>
			<string>9A1A295519A1DC950090E892</string>
			<key>projectDirPath</key>
			<string></string>
			<key>projectReferences</key>
			<array/>
			<key>projectRoot</key>
			<string></string>
			<key>targets</key>
			<array>
				<string>9A1A295319A1DC950090E892</string>
				<string>9A1A297419A1DC950090E892</string>
			</array>
		</dict>
		<key>9A1A294F19A1DC950090E892</key>
		<dict>
			<key>buildConfigurations</key>
			<array>
				<string>9A1A298419A1DC950090E892</string>
				<string>9A1A298519A1DC950090E892</string>
			</array>
			<key>defaultConfigurationIsVisible</key>
			<string>0</string>
			<key>defaultConfigurationName</key>
			<string>Release</string>
			<key>isa</key>
			<string>XCConfigurationList</string>
		</dict>
		<key>9A1A295019A1DC950090E892</key>
		<dict>
			<key>buildActionMask</key>
			<string>2147483647</string>
			<key>files</key>
			<array>
				<string>9A1A299C19A1E31A0090E892</string>
				<string>9A1A296819A1DC950090E892</string>
				<string>9A1A298E19A1DCB50090E892</string>
				<string>9A1A296419A1DC950090E892</string>
				<string>9A1A299919A1E2620090E892</string>
			</array>
			<key>isa</key>
			<string>PBXSourcesBuildPhase</string>
			<key>runOnlyForDeploymentPostprocessing</key>
			<string>0</string>
		</dict>
		<key>9A1A295119A1DC950090E892</key>
		<dict>
			<key>buildActionMask</key>
			<string>2147483647</string>
			<key>files</key>
			<array>
				<string>9A1A29A019A1F3030090E892</string>
				<string>9A1A299E19A1E7BB0090E892</string>
				<string>9A1A299619A1DFB80090E892</string>
				<string>9A1A295A19A1DC950090E892</string>
				<string>9A1A295C19A1DC950090E892</string>
				<string>9A1A295819A1DC950090E892</string>
				<string>CA56200CD3FD446DA85D6D63</string>
			</array>
			<key>isa</key>
			<string>PBXFrameworksBuildPhase</string>
			<key>runOnlyForDeploymentPostprocessing</key>
			<string>0</string>
		</dict>
		<key>9A1A295219A1DC950090E892</key>
		<dict>
			<key>buildActionMask</key>
			<string>2147483647</string>
			<key>files</key>
			<array>
				<string>9A1A297019A1DC950090E892</string>
				<string>9A1A296219A1DC950090E892</string>
				<string>9A1A296B19A1DC950090E892</string>
			</array>
			<key>isa</key>
			<string>PBXResourcesBuildPhase</string>
			<key>runOnlyForDeploymentPostprocessing</key>
			<string>0</string>
		</dict>
		<key>9A1A295319A1DC950090E892</key>
		<dict>
			<key>buildConfigurationList</key>
			<string>9A1A298619A1DC950090E892</string>
			<key>buildPhases</key>
			<array>
				<string>F458503401C94FBEB78AB136</string>
				<string>9A1A295019A1DC950090E892</string>
				<string>9A1A295119A1DC950090E892</string>
				<string>9A1A295219A1DC950090E892</string>
				<string>367DA1B8D35144D7A3AD7564</string>
			</array>
			<key>buildRules</key>
			<array/>
			<key>dependencies</key>
			<array/>
			<key>isa</key>
			<string>PBXNativeTarget</string>
			<key>name</key>
			<string>TwitterClientHealthInformation</string>
			<key>productName</key>
			<string>TwitterClientHealthInformation</string>
			<key>productReference</key>
			<string>9A1A295419A1DC950090E892</string>
			<key>productType</key>
			<string>com.apple.product-type.application</string>
		</dict>
		<key>9A1A295419A1DC950090E892</key>
		<dict>
			<key>explicitFileType</key>
			<string>wrapper.application</string>
			<key>includeInIndex</key>
			<string>0</string>
			<key>isa</key>
			<string>PBXFileReference</string>
			<key>path</key>
			<string>TwitterClientHealthInformation.app</string>
			<key>sourceTree</key>
			<string>BUILT_PRODUCTS_DIR</string>
		</dict>
		<key>9A1A295519A1DC950090E892</key>
		<dict>
			<key>children</key>
			<array>
				<string>9A1A295419A1DC950090E892</string>
				<string>9A1A297519A1DC950090E892</string>
			</array>
			<key>isa</key>
			<string>PBXGroup</string>
			<key>name</key>
			<string>Products</string>
			<key>sourceTree</key>
			<string>&lt;group&gt;</string>
		</dict>
		<key>9A1A295619A1DC950090E892</key>
		<dict>
			<key>children</key>
			<array>
				<string>9A1A299F19A1F3030090E892</string>
				<string>9A1A299D19A1E7BB0090E892</string>
				<string>9A1A299519A1DFB80090E892</string>
				<string>9A1A295719A1DC950090E892</string>
				<string>9A1A295919A1DC950090E892</string>
				<string>9A1A295B19A1DC950090E892</string>
				<string>9A1A297619A1DC950090E892</string>
				<string>803744FAA76D4B978485FEC0</string>
			</array>
			<key>isa</key>
			<string>PBXGroup</string>
			<key>name</key>
			<string>Frameworks</string>
			<key>sourceTree</key>
			<string>&lt;group&gt;</string>
		</dict>
		<key>9A1A295719A1DC950090E892</key>
		<dict>
			<key>isa</key>
			<string>PBXFileReference</string>
			<key>lastKnownFileType</key>
			<string>wrapper.framework</string>
			<key>name</key>
			<string>Foundation.framework</string>
			<key>path</key>
			<string>System/Library/Frameworks/Foundation.framework</string>
			<key>sourceTree</key>
			<string>SDKROOT</string>
		</dict>
		<key>9A1A295819A1DC950090E892</key>
		<dict>
			<key>fileRef</key>
			<string>9A1A295719A1DC950090E892</string>
			<key>isa</key>
			<string>PBXBuildFile</string>
		</dict>
		<key>9A1A295919A1DC950090E892</key>
		<dict>
			<key>isa</key>
			<string>PBXFileReference</string>
			<key>lastKnownFileType</key>
			<string>wrapper.framework</string>
			<key>name</key>
			<string>CoreGraphics.framework</string>
			<key>path</key>
			<string>System/Library/Frameworks/CoreGraphics.framework</string>
			<key>sourceTree</key>
			<string>SDKROOT</string>
		</dict>
		<key>9A1A295A19A1DC950090E892</key>
		<dict>
			<key>fileRef</key>
			<string>9A1A295919A1DC950090E892</string>
			<key>isa</key>
			<string>PBXBuildFile</string>
		</dict>
		<key>9A1A295B19A1DC950090E892</key>
		<dict>
			<key>isa</key>
			<string>PBXFileReference</string>
			<key>lastKnownFileType</key>
			<string>wrapper.framework</string>
			<key>name</key>
			<string>UIKit.framework</string>
			<key>path</key>
			<string>System/Library/Frameworks/UIKit.framework</string>
			<key>sourceTree</key>
			<string>SDKROOT</string>
		</dict>
		<key>9A1A295C19A1DC950090E892</key>
		<dict>
			<key>fileRef</key>
			<string>9A1A295B19A1DC950090E892</string>
			<key>isa</key>
			<string>PBXBuildFile</string>
		</dict>
		<key>9A1A295D19A1DC950090E892</key>
		<dict>
			<key>children</key>
			<array>
				<string>9A1A296619A1DC950090E892</string>
				<string>9A1A296719A1DC950090E892</string>
				<string>9A1A296919A1DC950090E892</string>
				<string>9A1A298C19A1DCB50090E892</string>
				<string>9A1A298D19A1DCB50090E892</string>
				<string>9A1A299719A1E2620090E892</string>
				<string>9A1A299819A1E2620090E892</string>
				<string>9A1A299A19A1E31A0090E892</string>
				<string>9A1A299B19A1E31A0090E892</string>
				<string>9A1A296F19A1DC950090E892</string>
				<string>9A1A295E19A1DC950090E892</string>
			</array>
			<key>isa</key>
			<string>PBXGroup</string>
			<key>path</key>
			<string>TwitterClientHealthInformation</string>
			<key>sourceTree</key>
			<string>&lt;group&gt;</string>
		</dict>
		<key>9A1A295E19A1DC950090E892</key>
		<dict>
			<key>children</key>
			<array>
				<string>9A1A295F19A1DC950090E892</string>
				<string>9A1A296019A1DC950090E892</string>
				<string>9A1A296319A1DC950090E892</string>
				<string>9A1A296519A1DC950090E892</string>
			</array>
			<key>isa</key>
			<string>PBXGroup</string>
			<key>name</key>
			<string>Supporting Files</string>
			<key>sourceTree</key>
			<string>&lt;group&gt;</string>
		</dict>
		<key>9A1A295F19A1DC950090E892</key>
		<dict>
			<key>isa</key>
			<string>PBXFileReference</string>
			<key>lastKnownFileType</key>
			<string>text.plist.xml</string>
			<key>path</key>
			<string>TwitterClientHealthInformation-Info.plist</string>
			<key>sourceTree</key>
			<string>&lt;group&gt;</string>
		</dict>
		<key>9A1A296019A1DC950090E892</key>
		<dict>
			<key>children</key>
			<array>
				<string>9A1A296119A1DC950090E892</string>
			</array>
			<key>isa</key>
			<string>PBXVariantGroup</string>
			<key>name</key>
			<string>InfoPlist.strings</string>
			<key>sourceTree</key>
			<string>&lt;group&gt;</string>
		</dict>
		<key>9A1A296119A1DC950090E892</key>
		<dict>
			<key>isa</key>
			<string>PBXFileReference</string>
			<key>lastKnownFileType</key>
			<string>text.plist.strings</string>
			<key>name</key>
			<string>en</string>
			<key>path</key>
			<string>en.lproj/InfoPlist.strings</string>
			<key>sourceTree</key>
			<string>&lt;group&gt;</string>
		</dict>
		<key>9A1A296219A1DC950090E892</key>
		<dict>
			<key>fileRef</key>
			<string>9A1A296019A1DC950090E892</string>
			<key>isa</key>
			<string>PBXBuildFile</string>
		</dict>
		<key>9A1A296319A1DC950090E892</key>
		<dict>
			<key>isa</key>
			<string>PBXFileReference</string>
			<key>lastKnownFileType</key>
			<string>sourcecode.c.objc</string>
			<key>path</key>
			<string>main.m</string>
			<key>sourceTree</key>
			<string>&lt;group&gt;</string>
		</dict>
		<key>9A1A296419A1DC950090E892</key>
		<dict>
			<key>fileRef</key>
			<string>9A1A296319A1DC950090E892</string>
			<key>isa</key>
			<string>PBXBuildFile</string>
		</dict>
		<key>9A1A296519A1DC950090E892</key>
		<dict>
			<key>isa</key>
			<string>PBXFileReference</string>
			<key>lastKnownFileType</key>
			<string>sourcecode.c.h</string>
			<key>path</key>
			<string>TwitterClientHealthInformation-Prefix.pch</string>
			<key>sourceTree</key>
			<string>&lt;group&gt;</string>
		</dict>
		<key>9A1A296619A1DC950090E892</key>
		<dict>
			<key>isa</key>
			<string>PBXFileReference</string>
			<key>lastKnownFileType</key>
			<string>sourcecode.c.h</string>
			<key>path</key>
			<string>AppDelegate.h</string>
			<key>sourceTree</key>
			<string>&lt;group&gt;</string>
		</dict>
		<key>9A1A296719A1DC950090E892</key>
		<dict>
			<key>isa</key>
			<string>PBXFileReference</string>
			<key>lastKnownFileType</key>
			<string>sourcecode.c.objc</string>
			<key>path</key>
			<string>AppDelegate.m</string>
			<key>sourceTree</key>
			<string>&lt;group&gt;</string>
		</dict>
		<key>9A1A296819A1DC950090E892</key>
		<dict>
			<key>fileRef</key>
			<string>9A1A296719A1DC950090E892</string>
			<key>isa</key>
			<string>PBXBuildFile</string>
		</dict>
		<key>9A1A296919A1DC950090E892</key>
		<dict>
			<key>children</key>
			<array>
				<string>9A1A296A19A1DC950090E892</string>
			</array>
			<key>isa</key>
			<string>PBXVariantGroup</string>
			<key>name</key>
			<string>Main.storyboard</string>
			<key>sourceTree</key>
			<string>&lt;group&gt;</string>
		</dict>
		<key>9A1A296A19A1DC950090E892</key>
		<dict>
			<key>isa</key>
			<string>PBXFileReference</string>
			<key>lastKnownFileType</key>
			<string>file.storyboard</string>
			<key>name</key>
			<string>Base</string>
			<key>path</key>
			<string>Base.lproj/Main.storyboard</string>
			<key>sourceTree</key>
			<string>&lt;group&gt;</string>
		</dict>
		<key>9A1A296B19A1DC950090E892</key>
		<dict>
			<key>fileRef</key>
			<string>9A1A296919A1DC950090E892</string>
			<key>isa</key>
			<string>PBXBuildFile</string>
		</dict>
		<key>9A1A296F19A1DC950090E892</key>
		<dict>
			<key>isa</key>
			<string>PBXFileReference</string>
			<key>lastKnownFileType</key>
			<string>folder.assetcatalog</string>
			<key>path</key>
			<string>Images.xcassets</string>
			<key>sourceTree</key>
			<string>&lt;group&gt;</string>
		</dict>
		<key>9A1A297019A1DC950090E892</key>
		<dict>
			<key>fileRef</key>
			<string>9A1A296F19A1DC950090E892</string>
			<key>isa</key>
			<string>PBXBuildFile</string>
		</dict>
		<key>9A1A297119A1DC950090E892</key>
		<dict>
			<key>buildActionMask</key>
			<string>2147483647</string>
			<key>files</key>
			<array>
				<string>9A1A298319A1DC950090E892</string>
			</array>
			<key>isa</key>
			<string>PBXSourcesBuildPhase</string>
			<key>runOnlyForDeploymentPostprocessing</key>
			<string>0</string>
		</dict>
		<key>9A1A297219A1DC950090E892</key>
		<dict>
			<key>buildActionMask</key>
			<string>2147483647</string>
			<key>files</key>
			<array>
				<string>9A1A297719A1DC950090E892</string>
				<string>9A1A297919A1DC950090E892</string>
				<string>9A1A297819A1DC950090E892</string>
			</array>
			<key>isa</key>
			<string>PBXFrameworksBuildPhase</string>
			<key>runOnlyForDeploymentPostprocessing</key>
			<string>0</string>
		</dict>
		<key>9A1A297319A1DC950090E892</key>
		<dict>
			<key>buildActionMask</key>
			<string>2147483647</string>
			<key>files</key>
			<array>
				<string>9A1A298119A1DC950090E892</string>
			</array>
			<key>isa</key>
			<string>PBXResourcesBuildPhase</string>
			<key>runOnlyForDeploymentPostprocessing</key>
			<string>0</string>
		</dict>
		<key>9A1A297419A1DC950090E892</key>
		<dict>
			<key>buildConfigurationList</key>
			<string>9A1A298919A1DC950090E892</string>
			<key>buildPhases</key>
			<array>
				<string>9A1A297119A1DC950090E892</string>
				<string>9A1A297219A1DC950090E892</string>
				<string>9A1A297319A1DC950090E892</string>
			</array>
			<key>buildRules</key>
			<array/>
			<key>dependencies</key>
			<array>
				<string>9A1A297B19A1DC950090E892</string>
			</array>
			<key>isa</key>
			<string>PBXNativeTarget</string>
			<key>name</key>
			<string>TwitterClientHealthInformationTests</string>
			<key>productName</key>
			<string>TwitterClientHealthInformationTests</string>
			<key>productReference</key>
			<string>9A1A297519A1DC950090E892</string>
			<key>productType</key>
			<string>com.apple.product-type.bundle.unit-test</string>
		</dict>
		<key>9A1A297519A1DC950090E892</key>
		<dict>
			<key>explicitFileType</key>
			<string>wrapper.cfbundle</string>
			<key>includeInIndex</key>
			<string>0</string>
			<key>isa</key>
			<string>PBXFileReference</string>
			<key>path</key>
			<string>TwitterClientHealthInformationTests.xctest</string>
			<key>sourceTree</key>
			<string>BUILT_PRODUCTS_DIR</string>
		</dict>
		<key>9A1A297619A1DC950090E892</key>
		<dict>
			<key>isa</key>
			<string>PBXFileReference</string>
			<key>lastKnownFileType</key>
			<string>wrapper.framework</string>
			<key>name</key>
			<string>XCTest.framework</string>
			<key>path</key>
			<string>Library/Frameworks/XCTest.framework</string>
			<key>sourceTree</key>
			<string>DEVELOPER_DIR</string>
		</dict>
		<key>9A1A297719A1DC950090E892</key>
		<dict>
			<key>fileRef</key>
			<string>9A1A297619A1DC950090E892</string>
			<key>isa</key>
			<string>PBXBuildFile</string>
		</dict>
		<key>9A1A297819A1DC950090E892</key>
		<dict>
			<key>fileRef</key>
			<string>9A1A295719A1DC950090E892</string>
			<key>isa</key>
			<string>PBXBuildFile</string>
		</dict>
		<key>9A1A297919A1DC950090E892</key>
		<dict>
			<key>fileRef</key>
			<string>9A1A295B19A1DC950090E892</string>
			<key>isa</key>
			<string>PBXBuildFile</string>
		</dict>
		<key>9A1A297A19A1DC950090E892</key>
		<dict>
			<key>containerPortal</key>
			<string>9A1A294C19A1DC950090E892</string>
			<key>isa</key>
			<string>PBXContainerItemProxy</string>
			<key>proxyType</key>
			<string>1</string>
			<key>remoteGlobalIDString</key>
			<string>9A1A295319A1DC950090E892</string>
			<key>remoteInfo</key>
			<string>TwitterClientHealthInformation</string>
		</dict>
		<key>9A1A297B19A1DC950090E892</key>
		<dict>
			<key>isa</key>
			<string>PBXTargetDependency</string>
			<key>target</key>
			<string>9A1A295319A1DC950090E892</string>
			<key>targetProxy</key>
			<string>9A1A297A19A1DC950090E892</string>
		</dict>
		<key>9A1A297C19A1DC950090E892</key>
		<dict>
			<key>children</key>
			<array>
				<string>9A1A298219A1DC950090E892</string>
				<string>9A1A297D19A1DC950090E892</string>
			</array>
			<key>isa</key>
			<string>PBXGroup</string>
			<key>path</key>
			<string>TwitterClientHealthInformationTests</string>
			<key>sourceTree</key>
			<string>&lt;group&gt;</string>
		</dict>
		<key>9A1A297D19A1DC950090E892</key>
		<dict>
			<key>children</key>
			<array>
				<string>9A1A297E19A1DC950090E892</string>
				<string>9A1A297F19A1DC950090E892</string>
			</array>
			<key>isa</key>
			<string>PBXGroup</string>
			<key>name</key>
			<string>Supporting Files</string>
			<key>sourceTree</key>
			<string>&lt;group&gt;</string>
		</dict>
		<key>9A1A297E19A1DC950090E892</key>
		<dict>
			<key>isa</key>
			<string>PBXFileReference</string>
			<key>lastKnownFileType</key>
			<string>text.plist.xml</string>
			<key>path</key>
			<string>TwitterClientHealthInformationTests-Info.plist</string>
			<key>sourceTree</key>
			<string>&lt;group&gt;</string>
		</dict>
		<key>9A1A297F19A1DC950090E892</key>
		<dict>
			<key>children</key>
			<array>
				<string>9A1A298019A1DC950090E892</string>
			</array>
			<key>isa</key>
			<string>PBXVariantGroup</string>
			<key>name</key>
			<string>InfoPlist.strings</string>
			<key>sourceTree</key>
			<string>&lt;group&gt;</string>
		</dict>
		<key>9A1A298019A1DC950090E892</key>
		<dict>
			<key>isa</key>
			<string>PBXFileReference</string>
			<key>lastKnownFileType</key>
			<string>text.plist.strings</string>
			<key>name</key>
			<string>en</string>
			<key>path</key>
			<string>en.lproj/InfoPlist.strings</string>
			<key>sourceTree</key>
			<string>&lt;group&gt;</string>
		</dict>
		<key>9A1A298119A1DC950090E892</key>
		<dict>
			<key>fileRef</key>
			<string>9A1A297F19A1DC950090E892</string>
			<key>isa</key>
			<string>PBXBuildFile</string>
		</dict>
		<key>9A1A298219A1DC950090E892</key>
		<dict>
			<key>isa</key>
			<string>PBXFileReference</string>
			<key>lastKnownFileType</key>
			<string>sourcecode.c.objc</string>
			<key>path</key>
			<string>TwitterClientHealthInformationTests.m</string>
			<key>sourceTree</key>
			<string>&lt;group&gt;</string>
		</dict>
		<key>9A1A298319A1DC950090E892</key>
		<dict>
			<key>fileRef</key>
			<string>9A1A298219A1DC950090E892</string>
			<key>isa</key>
			<string>PBXBuildFile</string>
		</dict>
		<key>9A1A298419A1DC950090E892</key>
		<dict>
			<key>buildSettings</key>
			<dict>
				<key>ALWAYS_SEARCH_USER_PATHS</key>
				<string>NO</string>
				<key>CLANG_CXX_LANGUAGE_STANDARD</key>
				<string>gnu++0x</string>
				<key>CLANG_CXX_LIBRARY</key>
				<string>libc++</string>
				<key>CLANG_ENABLE_MODULES</key>
				<string>YES</string>
				<key>CLANG_ENABLE_OBJC_ARC</key>
				<string>YES</string>
				<key>CLANG_WARN_BOOL_CONVERSION</key>
				<string>YES</string>
				<key>CLANG_WARN_CONSTANT_CONVERSION</key>
				<string>YES</string>
				<key>CLANG_WARN_DIRECT_OBJC_ISA_USAGE</key>
				<string>YES_ERROR</string>
				<key>CLANG_WARN_EMPTY_BODY</key>
				<string>YES</string>
				<key>CLANG_WARN_ENUM_CONVERSION</key>
				<string>YES</string>
				<key>CLANG_WARN_INT_CONVERSION</key>
				<string>YES</string>
				<key>CLANG_WARN_OBJC_ROOT_CLASS</key>
				<string>YES_ERROR</string>
				<key>CLANG_WARN__DUPLICATE_METHOD_MATCH</key>
				<string>YES</string>
				<key>CODE_SIGN_IDENTITY[sdk=iphoneos*]</key>
				<string>iPhone Developer</string>
				<key>COPY_PHASE_STRIP</key>
				<string>NO</string>
				<key>GCC_C_LANGUAGE_STANDARD</key>
				<string>gnu99</string>
				<key>GCC_DYNAMIC_NO_PIC</key>
				<string>NO</string>
				<key>GCC_OPTIMIZATION_LEVEL</key>
				<string>0</string>
				<key>GCC_PREPROCESSOR_DEFINITIONS</key>
				<array>
					<string>DEBUG=1</string>
					<string>$(inherited)</string>
				</array>
				<key>GCC_SYMBOLS_PRIVATE_EXTERN</key>
				<string>NO</string>
				<key>GCC_WARN_64_TO_32_BIT_CONVERSION</key>
				<string>YES</string>
				<key>GCC_WARN_ABOUT_RETURN_TYPE</key>
				<string>YES_ERROR</string>
				<key>GCC_WARN_UNDECLARED_SELECTOR</key>
				<string>YES</string>
				<key>GCC_WARN_UNINITIALIZED_AUTOS</key>
				<string>YES_AGGRESSIVE</string>
				<key>GCC_WARN_UNUSED_FUNCTION</key>
				<string>YES</string>
				<key>GCC_WARN_UNUSED_VARIABLE</key>
				<string>YES</string>
				<key>IPHONEOS_DEPLOYMENT_TARGET</key>
				<string>7.1</string>
				<key>ONLY_ACTIVE_ARCH</key>
				<string>YES</string>
				<key>SDKROOT</key>
				<string>iphoneos</string>
			</dict>
			<key>isa</key>
			<string>XCBuildConfiguration</string>
			<key>name</key>
			<string>Debug</string>
		</dict>
		<key>9A1A298519A1DC950090E892</key>
		<dict>
			<key>buildSettings</key>
			<dict>
				<key>ALWAYS_SEARCH_USER_PATHS</key>
				<string>NO</string>
				<key>CLANG_CXX_LANGUAGE_STANDARD</key>
				<string>gnu++0x</string>
				<key>CLANG_CXX_LIBRARY</key>
				<string>libc++</string>
				<key>CLANG_ENABLE_MODULES</key>
				<string>YES</string>
				<key>CLANG_ENABLE_OBJC_ARC</key>
				<string>YES</string>
				<key>CLANG_WARN_BOOL_CONVERSION</key>
				<string>YES</string>
				<key>CLANG_WARN_CONSTANT_CONVERSION</key>
				<string>YES</string>
				<key>CLANG_WARN_DIRECT_OBJC_ISA_USAGE</key>
				<string>YES_ERROR</string>
				<key>CLANG_WARN_EMPTY_BODY</key>
				<string>YES</string>
				<key>CLANG_WARN_ENUM_CONVERSION</key>
				<string>YES</string>
				<key>CLANG_WARN_INT_CONVERSION</key>
				<string>YES</string>
				<key>CLANG_WARN_OBJC_ROOT_CLASS</key>
				<string>YES_ERROR</string>
				<key>CLANG_WARN__DUPLICATE_METHOD_MATCH</key>
				<string>YES</string>
				<key>CODE_SIGN_IDENTITY[sdk=iphoneos*]</key>
				<string>iPhone Developer</string>
				<key>COPY_PHASE_STRIP</key>
				<string>YES</string>
				<key>ENABLE_NS_ASSERTIONS</key>
				<string>NO</string>
				<key>GCC_C_LANGUAGE_STANDARD</key>
				<string>gnu99</string>
				<key>GCC_WARN_64_TO_32_BIT_CONVERSION</key>
				<string>YES</string>
				<key>GCC_WARN_ABOUT_RETURN_TYPE</key>
				<string>YES_ERROR</string>
				<key>GCC_WARN_UNDECLARED_SELECTOR</key>
				<string>YES</string>
				<key>GCC_WARN_UNINITIALIZED_AUTOS</key>
				<string>YES_AGGRESSIVE</string>
				<key>GCC_WARN_UNUSED_FUNCTION</key>
				<string>YES</string>
				<key>GCC_WARN_UNUSED_VARIABLE</key>
				<string>YES</string>
				<key>IPHONEOS_DEPLOYMENT_TARGET</key>
				<string>7.1</string>
				<key>SDKROOT</key>
				<string>iphoneos</string>
				<key>VALIDATE_PRODUCT</key>
				<string>YES</string>
			</dict>
			<key>isa</key>
			<string>XCBuildConfiguration</string>
			<key>name</key>
			<string>Release</string>
		</dict>
		<key>9A1A298619A1DC950090E892</key>
		<dict>
			<key>buildConfigurations</key>
			<array>
				<string>9A1A298719A1DC950090E892</string>
				<string>9A1A298819A1DC950090E892</string>
			</array>
			<key>defaultConfigurationIsVisible</key>
			<string>0</string>
			<key>isa</key>
			<string>XCConfigurationList</string>
		</dict>
		<key>9A1A298719A1DC950090E892</key>
		<dict>
			<key>baseConfigurationReference</key>
			<string>A9AC7B20D5604186ACBCD043</string>
			<key>buildSettings</key>
			<dict>
				<key>ASSETCATALOG_COMPILER_APPICON_NAME</key>
				<string>AppIcon</string>
				<key>ASSETCATALOG_COMPILER_LAUNCHIMAGE_NAME</key>
				<string>LaunchImage</string>
				<key>GCC_PRECOMPILE_PREFIX_HEADER</key>
				<string>YES</string>
				<key>GCC_PREFIX_HEADER</key>
				<string>TwitterClientHealthInformation/TwitterClientHealthInformation-Prefix.pch</string>
				<key>INFOPLIST_FILE</key>
				<string>TwitterClientHealthInformation/TwitterClientHealthInformation-Info.plist</string>
				<key>PRODUCT_NAME</key>
				<string>$(TARGET_NAME)</string>
				<key>WRAPPER_EXTENSION</key>
				<string>app</string>
			</dict>
			<key>isa</key>
			<string>XCBuildConfiguration</string>
			<key>name</key>
			<string>Debug</string>
		</dict>
		<key>9A1A298819A1DC950090E892</key>
		<dict>
			<key>baseConfigurationReference</key>
			<string>A9AC7B20D5604186ACBCD043</string>
			<key>buildSettings</key>
			<dict>
				<key>ASSETCATALOG_COMPILER_APPICON_NAME</key>
				<string>AppIcon</string>
				<key>ASSETCATALOG_COMPILER_LAUNCHIMAGE_NAME</key>
				<string>LaunchImage</string>
				<key>GCC_PRECOMPILE_PREFIX_HEADER</key>
				<string>YES</string>
				<key>GCC_PREFIX_HEADER</key>
				<string>TwitterClientHealthInformation/TwitterClientHealthInformation-Prefix.pch</string>
				<key>INFOPLIST_FILE</key>
				<string>TwitterClientHealthInformation/TwitterClientHealthInformation-Info.plist</string>
				<key>PRODUCT_NAME</key>
				<string>$(TARGET_NAME)</string>
				<key>WRAPPER_EXTENSION</key>
				<string>app</string>
			</dict>
			<key>isa</key>
			<string>XCBuildConfiguration</string>
			<key>name</key>
			<string>Release</string>
		</dict>
		<key>9A1A298919A1DC950090E892</key>
		<dict>
			<key>buildConfigurations</key>
			<array>
				<string>9A1A298A19A1DC950090E892</string>
				<string>9A1A298B19A1DC950090E892</string>
			</array>
			<key>defaultConfigurationIsVisible</key>
			<string>0</string>
			<key>isa</key>
			<string>XCConfigurationList</string>
		</dict>
		<key>9A1A298A19A1DC950090E892</key>
		<dict>
			<key>buildSettings</key>
			<dict>
				<key>BUNDLE_LOADER</key>
				<string>$(BUILT_PRODUCTS_DIR)/TwitterClientHealthInformation.app/TwitterClientHealthInformation</string>
				<key>FRAMEWORK_SEARCH_PATHS</key>
				<array>
					<string>$(SDKROOT)/Developer/Library/Frameworks</string>
					<string>$(inherited)</string>
					<string>$(DEVELOPER_FRAMEWORKS_DIR)</string>
				</array>
				<key>GCC_PRECOMPILE_PREFIX_HEADER</key>
				<string>YES</string>
				<key>GCC_PREFIX_HEADER</key>
				<string>TwitterClientHealthInformation/TwitterClientHealthInformation-Prefix.pch</string>
				<key>GCC_PREPROCESSOR_DEFINITIONS</key>
				<array>
					<string>DEBUG=1</string>
					<string>$(inherited)</string>
				</array>
				<key>INFOPLIST_FILE</key>
				<string>TwitterClientHealthInformationTests/TwitterClientHealthInformationTests-Info.plist</string>
				<key>PRODUCT_NAME</key>
				<string>$(TARGET_NAME)</string>
				<key>TEST_HOST</key>
				<string>$(BUNDLE_LOADER)</string>
				<key>WRAPPER_EXTENSION</key>
				<string>xctest</string>
			</dict>
			<key>isa</key>
			<string>XCBuildConfiguration</string>
			<key>name</key>
			<string>Debug</string>
		</dict>
		<key>9A1A298B19A1DC950090E892</key>
		<dict>
			<key>buildSettings</key>
			<dict>
				<key>BUNDLE_LOADER</key>
				<string>$(BUILT_PRODUCTS_DIR)/TwitterClientHealthInformation.app/TwitterClientHealthInformation</string>
				<key>FRAMEWORK_SEARCH_PATHS</key>
				<array>
					<string>$(SDKROOT)/Developer/Library/Frameworks</string>
					<string>$(inherited)</string>
					<string>$(DEVELOPER_FRAMEWORKS_DIR)</string>
				</array>
				<key>GCC_PRECOMPILE_PREFIX_HEADER</key>
				<string>YES</string>
				<key>GCC_PREFIX_HEADER</key>
				<string>TwitterClientHealthInformation/TwitterClientHealthInformation-Prefix.pch</string>
				<key>INFOPLIST_FILE</key>
				<string>TwitterClientHealthInformationTests/TwitterClientHealthInformationTests-Info.plist</string>
				<key>PRODUCT_NAME</key>
				<string>$(TARGET_NAME)</string>
				<key>TEST_HOST</key>
				<string>$(BUNDLE_LOADER)</string>
				<key>WRAPPER_EXTENSION</key>
				<string>xctest</string>
			</dict>
			<key>isa</key>
			<string>XCBuildConfiguration</string>
			<key>name</key>
			<string>Release</string>
		</dict>
		<key>9A1A298C19A1DCB50090E892</key>
		<dict>
			<key>fileEncoding</key>
			<string>4</string>
			<key>isa</key>
			<string>PBXFileReference</string>
			<key>lastKnownFileType</key>
			<string>sourcecode.c.h</string>
			<key>path</key>
			<string>SyndromeViewController.h</string>
			<key>sourceTree</key>
			<string>&lt;group&gt;</string>
		</dict>
		<key>9A1A298D19A1DCB50090E892</key>
		<dict>
			<key>fileEncoding</key>
			<string>4</string>
			<key>isa</key>
			<string>PBXFileReference</string>
			<key>lastKnownFileType</key>
			<string>sourcecode.c.objc</string>
			<key>path</key>
			<string>SyndromeViewController.m</string>
			<key>sourceTree</key>
			<string>&lt;group&gt;</string>
		</dict>
		<key>9A1A298E19A1DCB50090E892</key>
		<dict>
			<key>fileRef</key>
			<string>9A1A298D19A1DCB50090E892</string>
			<key>isa</key>
			<string>PBXBuildFile</string>
		</dict>
		<key>9A1A299519A1DFB80090E892</key>
		<dict>
			<key>isa</key>
			<string>PBXFileReference</string>
			<key>lastKnownFileType</key>
			<string>wrapper.framework</string>
			<key>name</key>
			<string>Social.framework</string>
			<key>path</key>
			<string>System/Library/Frameworks/Social.framework</string>
			<key>sourceTree</key>
			<string>SDKROOT</string>
		</dict>
		<key>9A1A299619A1DFB80090E892</key>
		<dict>
			<key>fileRef</key>
			<string>9A1A299519A1DFB80090E892</string>
			<key>isa</key>
			<string>PBXBuildFile</string>
		</dict>
		<key>9A1A299719A1E2620090E892</key>
		<dict>
			<key>fileEncoding</key>
			<string>4</string>
			<key>isa</key>
			<string>PBXFileReference</string>
			<key>lastKnownFileType</key>
			<string>sourcecode.c.h</string>
			<key>path</key>
			<string>TimelineTableViewController.h</string>
			<key>sourceTree</key>
			<string>&lt;group&gt;</string>
		</dict>
		<key>9A1A299819A1E2620090E892</key>
		<dict>
			<key>fileEncoding</key>
			<string>4</string>
			<key>isa</key>
			<string>PBXFileReference</string>
			<key>lastKnownFileType</key>
			<string>sourcecode.c.objc</string>
			<key>path</key>
			<string>TimelineTableViewController.m</string>
			<key>sourceTree</key>
			<string>&lt;group&gt;</string>
		</dict>
		<key>9A1A299919A1E2620090E892</key>
		<dict>
			<key>fileRef</key>
			<string>9A1A299819A1E2620090E892</string>
			<key>isa</key>
			<string>PBXBuildFile</string>
		</dict>
		<key>9A1A299A19A1E31A0090E892</key>
		<dict>
			<key>fileEncoding</key>
			<string>4</string>
			<key>isa</key>
			<string>PBXFileReference</string>
			<key>lastKnownFileType</key>
			<string>sourcecode.c.h</string>
			<key>path</key>
			<string>ArticleTableViewController.h</string>
			<key>sourceTree</key>
			<string>&lt;group&gt;</string>
		</dict>
		<key>9A1A299B19A1E31A0090E892</key>
		<dict>
			<key>fileEncoding</key>
			<string>4</string>
			<key>isa</key>
			<string>PBXFileReference</string>
			<key>lastKnownFileType</key>
			<string>sourcecode.c.objc</string>
			<key>path</key>
			<string>ArticleTableViewController.m</string>
			<key>sourceTree</key>
			<string>&lt;group&gt;</string>
		</dict>
		<key>9A1A299C19A1E31A0090E892</key>
		<dict>
			<key>fileRef</key>
			<string>9A1A299B19A1E31A0090E892</string>
			<key>isa</key>
			<string>PBXBuildFile</string>
		</dict>
		<key>9A1A299D19A1E7BB0090E892</key>
		<dict>
			<key>isa</key>
			<string>PBXFileReference</string>
			<key>lastKnownFileType</key>
			<string>wrapper.framework</string>
			<key>name</key>
			<string>Accounts.framework</string>
			<key>path</key>
			<string>System/Library/Frameworks/Accounts.framework</string>
			<key>sourceTree</key>
			<string>SDKROOT</string>
		</dict>
		<key>9A1A299E19A1E7BB0090E892</key>
		<dict>
			<key>fileRef</key>
			<string>9A1A299D19A1E7BB0090E892</string>
			<key>isa</key>
			<string>PBXBuildFile</string>
		</dict>
		<key>9A1A299F19A1F3030090E892</key>
		<dict>
			<key>isa</key>
			<string>PBXFileReference</string>
			<key>lastKnownFileType</key>
			<string>wrapper.framework</string>
			<key>name</key>
			<string>Twitter.framework</string>
			<key>path</key>
			<string>System/Library/Frameworks/Twitter.framework</string>
			<key>sourceTree</key>
			<string>SDKROOT</string>
		</dict>
		<key>9A1A29A019A1F3030090E892</key>
		<dict>
			<key>fileRef</key>
			<string>9A1A299F19A1F3030090E892</string>
			<key>isa</key>
			<string>PBXBuildFile</string>
		</dict>
		<key>A9AC7B20D5604186ACBCD043</key>
		<dict>
			<key>includeInIndex</key>
			<string>1</string>
			<key>isa</key>
			<string>PBXFileReference</string>
			<key>lastKnownFileType</key>
			<string>text.xcconfig</string>
			<key>name</key>
			<string>Pods.xcconfig</string>
			<key>path</key>
			<string>Pods/Pods.xcconfig</string>
			<key>sourceTree</key>
			<string>&lt;group&gt;</string>
		</dict>
		<key>CA56200CD3FD446DA85D6D63</key>
		<dict>
			<key>fileRef</key>
			<string>803744FAA76D4B978485FEC0</string>
			<key>isa</key>
			<string>PBXBuildFile</string>
		</dict>
		<key>F458503401C94FBEB78AB136</key>
		<dict>
			<key>buildActionMask</key>
			<string>2147483647</string>
			<key>files</key>
			<array/>
			<key>inputPaths</key>
			<array/>
			<key>isa</key>
			<string>PBXShellScriptBuildPhase</string>
			<key>name</key>
			<string>Check Pods Manifest.lock</string>
			<key>outputPaths</key>
			<array/>
			<key>runOnlyForDeploymentPostprocessing</key>
			<string>0</string>
			<key>shellPath</key>
			<string>/bin/sh</string>
			<key>shellScript</key>
			<string>diff "${PODS_ROOT}/../Podfile.lock" "${PODS_ROOT}/Manifest.lock" &gt; /dev/null
if [[ $? != 0 ]] ; then
    cat &lt;&lt; EOM
error: The sandbox is not in sync with the Podfile.lock. Run 'pod install' or update your CocoaPods installation.
EOM
    exit 1
fi
</string>
			<key>showEnvVarsInLog</key>
			<string>0</string>
		</dict>
	</dict>
	<key>rootObject</key>
	<string>9A1A294C19A1DC950090E892</string>
</dict>
</plist>
